Microsoft Visual Studio Solution File, Format Version 12.00
# Visual Studio 15
VisualStudioVersion = 15.0.27130.2036
MinimumVisualStudioVersion = 15.0.26124.0
Project("{2150E333-8FDC-42A3-9474-1A3956D46DE8}") = "src", "src", "{6ABC1659-3224-44DD-982C-E3F9F472CB0C}"
EndProject
Project("{9A19103F-16F7-4668-BE54-9A1E7A4F7556}") = "Perf.Api", "src\Perf.Api\Perf.Api.csproj", "{2FDE8D50-DDEB-4840-B73E-9BE7CE8AE46A}"
EndProject
Project("{9A19103F-16F7-4668-BE54-9A1E7A4F7556}") = "Perf.App", "src\Perf.App\Perf.App.csproj", "{00012115-1A09-42C7-8B5B-58AED440A8D3}"
EndProject
Global
	GlobalSection(SolutionConfigurationPlatforms) = preSolution
		Debug|Any CPU = Debug|Any CPU
		Debug|x64 = Debug|x64
		Debug|x86 = Debug|x86
		Release|Any CPU = Release|Any CPU
		Release|x64 = Release|x64
		Release|x86 = Release|x86
	EndGlobalSection
	GlobalSection(ProjectConfigurationPlatforms) = postSolution
		{2FDE8D50-DDEB-4840-B73E-9BE7CE8AE46A}.Debug|Any CPU.ActiveCfg = Debug|Any CPU
		{2FDE8D50-DDEB-4840-B73E-9BE7CE8AE46A}.Debug|Any CPU.Build.0 = Debug|Any CPU
		{2FDE8D50-DDEB-4840-B73E-9BE7CE8AE46A}.Debug|x64.ActiveCfg = Debug|Any CPU
		{2FDE8D50-DDEB-4840-B73E-9BE7CE8AE46A}.Debug|x64.Build.0 = Debug|Any CPU
		{2FDE8D50-DDEB-4840-B73E-9BE7CE8AE46A}.Debug|x86.ActiveCfg = Debug|Any CPU
		{2FDE8D50-DDEB-4840-B73E-9BE7CE8AE46A}.Debug|x86.Build.0 = Debug|Any CPU
		{2FDE8D50-DDEB-4840-B73E-9BE7CE8AE46A}.Release|Any CPU.ActiveCfg = Release|Any CPU
		{2FDE8D50-DDEB-4840-B73E-9BE7CE8AE46A}.Release|Any CPU.Build.0 = Release|Any CPU
		{2FDE8D50-DDEB-4840-B73E-9BE7CE8AE46A}.Release|x64.ActiveCfg = Release|Any CPU
		{2FDE8D50-DDEB-4840-B73E-9BE7CE8AE46A}.Release|x64.Build.0 = Release|Any CPU
		{2FDE8D50-DDEB-4840-B73E-9BE7CE8AE46A}.Release|x86.ActiveCfg = Release|Any CPU
		{2FDE8D50-DDEB-4840-B73E-9BE7CE8AE46A}.Release|x86.Build.0 = Release|Any CPU
		{00012115-1A09-42C7-8B5B-58AED440A8D3}.Debug|Any CPU.ActiveCfg = Debug|Any CPU
		{00012115-1A09-42C7-8B5B-58AED440A8D3}.Debug|Any CPU.Build.0 = Debug|Any CPU
		{00012115-1A09-42C7-8B5B-58AED440A8D3}.Debug|x64.ActiveCfg = Debug|Any CPU
		{00012115-1A09-42C7-8B5B-58AED440A8D3}.Debug|x64.Build.0 = Debug|Any CPU
		{00012115-1A09-42C7-8B5B-58AED440A8D3}.Debug|x86.ActiveCfg = Debug|Any CPU
		{00012115-1A09-42C7-8B5B-58AED440A8D3}.Debug|x86.Build.0 = Debug|Any CPU
		{00012115-1A09-42C7-8B5B-58AED440A8D3}.Release|Any CPU.ActiveCfg = Release|Any CPU
		{00012115-1A09-42C7-8B5B-58AED440A8D3}.Release|Any CPU.Build.0 = Release|Any CPU
		{00012115-1A09-42C7-8B5B-58AED440A8D3}.Release|x64.ActiveCfg = Release|Any CPU
		{00012115-1A09-42C7-8B5B-58AED440A8D3}.Release|x64.Build.0 = Release|Any CPU
		{00012115-1A09-42C7-8B5B-58AED440A8D3}.Release|x86.ActiveCfg = Release|Any CPU
		{00012115-1A09-42C7-8B5B-58AED440A8D3}.Release|x86.Build.0 = Release|Any CPU
	EndGlobalSection
	GlobalSection(SolutionProperties) = preSolution
		HideSolutionNode = FALSE
	EndGlobalSection
	GlobalSection(NestedProjects) = preSolution
		{2FDE8D50-DDEB-4840-B73E-9BE7CE8AE46A} = {6ABC1659-3224-44DD-982C-E3F9F472CB0C}
		{00012115-1A09-42C7-8B5B-58AED440A8D3} = {6ABC1659-3224-44DD-982C-E3F9F472CB0C}
	EndGlobalSection
	GlobalSection(ExtensibilityGlobals) = postSolution
		SolutionGuid = {171015DF-2745-4D1D-9CEF-B789918FB38C}
	EndGlobalSection
EndGlobal
